// !$*UTF8*$!
{
	archiveVersion = 1;
	classes = {
	};
	objectVersion = 46;
	objects = {

/* Begin PBXBuildFile section */
		FFD9447F1915E156007A4497 /* Foundation.framework in Frameworks */ = {isa = PBXBuildFile; fileRef = FFD9447E1915E156007A4497 /* Foundation.framework */; };
		FFD944811915E156007A4497 /* CoreGraphics.framework in Frameworks */ = {isa = PBXBuildFile; fileRef = FFD944801915E156007A4497 /* CoreGraphics.framework */; };
		FFD944831915E156007A4497 /* UIKit.framework in Frameworks */ = {isa = PBXBuildFile; fileRef = FFD944821915E156007A4497 /* UIKit.framework */; };
		FFD944891915E156007A4497 /* InfoPlist.strings in Resources */ = {isa = PBXBuildFile; fileRef = FFD944871915E156007A4497 /* InfoPlist.strings */; };
		FFD9448B1915E156007A4497 /* main.m in Sources */ = {isa = PBXBuildFile; fileRef = FFD9448A1915E156007A4497 /* main.m */; };
		FFD9448F1915E156007A4497 /* CardGameAppDelegate.m in Sources */ = {isa = PBXBuildFile; fileRef = FFD9448E1915E156007A4497 /* CardGameAppDelegate.m */; };
		FFD944921915E156007A4497 /* Main.storyboard in Resources */ = {isa = PBXBuildFile; fileRef = FFD944901915E156007A4497 /* Main.storyboard */; };
		FFD944951915E156007A4497 /* CardGameViewController.m in Sources */ = {isa = PBXBuildFile; fileRef = FFD944941915E156007A4497 /* CardGameViewController.m */; };
		FFD944971915E156007A4497 /* Images.xcassets in Resources */ = {isa = PBXBuildFile; fileRef = FFD944961915E156007A4497 /* Images.xcassets */; };
		FFD9449E1915E156007A4497 /* XCTest.framework in Frameworks */ = {isa = PBXBuildFile; fileRef = FFD9449D1915E156007A4497 /* XCTest.framework */; };
		FFD9449F1915E156007A4497 /* Foundation.framework in Frameworks */ = {isa = PBXBuildFile; fileRef = FFD9447E1915E156007A4497 /* Foundation.framework */; };
		FFD944A01915E156007A4497 /* UIKit.framework in Frameworks */ = {isa = PBXBuildFile; fileRef = FFD944821915E156007A4497 /* UIKit.framework */; };
		FFD944A81915E156007A4497 /* InfoPlist.strings in Resources */ = {isa = PBXBuildFile; fileRef = FFD944A61915E156007A4497 /* InfoPlist.strings */; };
		FFD944AA1915E156007A4497 /* MatchismoTests.m in Sources */ = {isa = PBXBuildFile; fileRef = FFD944A91915E156007A4497 /* MatchismoTests.m */; };
		FFD944B519161642007A4497 /* Card.m in Sources */ = {isa = PBXBuildFile; fileRef = FFD944B419161642007A4497 /* Card.m */; };
		FFD944B9191617FB007A4497 /* Deck.m in Sources */ = {isa = PBXBuildFile; fileRef = FFD944B8191617FB007A4497 /* Deck.m */; };
		FFD944BC19161DE6007A4497 /* PlayingCard.m in Sources */ = {isa = PBXBuildFile; fileRef = FFD944BB19161DE6007A4497 /* PlayingCard.m */; };
		FFD944BF19162113007A4497 /* PlayingCardDeck.m in Sources */ = {isa = PBXBuildFile; fileRef = FFD944BE19162113007A4497 /* PlayingCardDeck.m */; };
		FFD944C219162DAD007A4497 /* CardMatchingGame.m in Sources */ = {isa = PBXBuildFile; fileRef = FFD944C119162DAD007A4497 /* CardMatchingGame.m */; };
/* End PBXBuildFile section */

/* Begin PBXContainerItemProxy section */
		FFD944A11915E156007A4497 /* PBXContainerItemProxy */ = {
			isa = PBXContainerItemProxy;
			containerPortal = FFD944731915E156007A4497 /* Project object */;
			proxyType = 1;
			remoteGlobalIDString = FFD9447A1915E156007A4497;
			remoteInfo = Matchismo;
		};
/* End PBXContainerItemProxy section */

/* Begin PBXFileReference section */
		FFD9447B1915E156007A4497 /* Matchismo.app */ = {isa = PBXFileReference; explicitFileType = wrapper.application; includeInIndex = 0; path = Matchismo.app; sourceTree = BUILT_PRODUCTS_DIR; };
		FFD9447E1915E156007A4497 /* Foundation.framework */ = {isa = PBXFileReference; lastKnownFileType = wrapper.framework; name = Foundation.framework; path = System/Library/Frameworks/Foundation.framework; sourceTree = SDKROOT; };
		FFD944801915E156007A4497 /* CoreGraphics.framework */ = {isa = PBXFileReference; lastKnownFileType = wrapper.framework; name = CoreGraphics.framework; path = System/Library/Frameworks/CoreGraphics.framework; sourceTree = SDKROOT; };
		FFD944821915E156007A4497 /* UIKit.framework */ = {isa = PBXFileReference; lastKnownFileType = wrapper.framework; name = UIKit.framework; path = System/Library/Frameworks/UIKit.framework; sourceTree = SDKROOT; };
		FFD944861915E156007A4497 /* Matchismo-Info.plist */ = {isa = PBXFileReference; lastKnownFileType = text.plist.xml; path = "Matchismo-Info.plist"; sourceTree = "<group>"; };
		FFD944881915E156007A4497 /* en */ = {isa = PBXFileReference; lastKnownFileType = text.plist.strings; name = en; path = en.lproj/InfoPlist.strings; sourceTree = "<group>"; };
		FFD9448A1915E156007A4497 /* main.m */ = {isa = PBXFileReference; lastKnownFileType = sourcecode.c.objc; path = main.m; sourceTree = "<group>"; };
		FFD9448C1915E156007A4497 /* Matchismo-Prefix.pch */ = {isa = PBXFileReference; lastKnownFileType = sourcecode.c.h; path = "Matchismo-Prefix.pch"; sourceTree = "<group>"; };
		FFD9448D1915E156007A4497 /* CardGameAppDelegate.h */ = {isa = PBXFileReference; lastKnownFileType = sourcecode.c.h; path = CardGameAppDelegate.h; sourceTree = "<group>"; };
		FFD9448E1915E156007A4497 /* CardGameAppDelegate.m */ = {isa = PBXFileReference; lastKnownFileType = sourcecode.c.objc; path = CardGameAppDelegate.m; sourceTree = "<group>"; };
		FFD944911915E156007A4497 /* Base */ = {isa = PBXFileReference; lastKnownFileType = file.storyboard; name = Base; path = Base.lproj/Main.storyboard; sourceTree = "<group>"; };
		FFD944931915E156007A4497 /* CardGameViewController.h */ = {isa = PBXFileReference; lastKnownFileType = sourcecode.c.h; path = CardGameViewController.h; sourceTree = "<group>"; };
		FFD944941915E156007A4497 /* CardGameViewController.m */ = {isa = PBXFileReference; lastKnownFileType = sourcecode.c.objc; path = CardGameViewController.m; sourceTree = "<group>"; };
		FFD944961915E156007A4497 /* Images.xcassets */ = {isa = PBXFileReference; lastKnownFileType = folder.assetcatalog; path = Images.xcassets; sourceTree = "<group>"; };
		FFD9449C1915E156007A4497 /* MatchismoTests.xctest */ = {isa = PBXFileReference; explicitFileType = wrapper.cfbundle; includeInIndex = 0; path = MatchismoTests.xctest; sourceTree = BUILT_PRODUCTS_DIR; };
		FFD9449D1915E156007A4497 /* XCTest.framework */ = {isa = PBXFileReference; lastKnownFileType = wrapper.framework; name = XCTest.framework; path = Library/Frameworks/XCTest.framework; sourceTree = DEVELOPER_DIR; };
		FFD944A51915E156007A4497 /* MatchismoTests-Info.plist */ = {isa = PBXFileReference; lastKnownFileType = text.plist.xml; path = "MatchismoTests-Info.plist"; sourceTree = "<group>"; };
		FFD944A71915E156007A4497 /* en */ = {isa = PBXFileReference; lastKnownFileType = text.plist.strings; name = en; path = en.lproj/InfoPlist.strings; sourceTree = "<group>"; };
		FFD944A91915E156007A4497 /* MatchismoTests.m */ = {isa = PBXFileReference; lastKnownFileType = sourcecode.c.objc; path = MatchismoTests.m; sourceTree = "<group>"; };
		FFD944B319161642007A4497 /* Card.h */ = {isa = PBXFileReference; fileEncoding = 4; lastKnownFileType = sourcecode.c.h; name = Card.h; path = Model/Card.h; sourceTree = "<group>"; };
		FFD944B419161642007A4497 /* Card.m */ = {isa = PBXFileReference; fileEncoding = 4; lastKnownFileType = sourcecode.c.objc; name = Card.m; path = Model/Card.m; sourceTree = "<group>"; };
		FFD944B7191617FB007A4497 /* Deck.h */ = {isa = PBXFileReference; fileEncoding = 4; lastKnownFileType = sourcecode.c.h; name = Deck.h; path = Model/Deck.h; sourceTree = "<group>"; };
		FFD944B8191617FB007A4497 /* Deck.m */ = {isa = PBXFileReference; fileEncoding = 4; lastKnownFileType = sourcecode.c.objc; name = Deck.m; path = Model/Deck.m; sourceTree = "<group>"; };
		FFD944BA19161DE6007A4497 /* PlayingCard.h */ = {isa = PBXFileReference; fileEncoding = 4; lastKnownFileType = sourcecode.c.h; name = PlayingCard.h; path = Model/PlayingCard.h; sourceTree = "<group>"; };
		FFD944BB19161DE6007A4497 /* PlayingCard.m */ = {isa = PBXFileReference; fileEncoding = 4; lastKnownFileType = sourcecode.c.objc; name = PlayingCard.m; path = Model/PlayingCard.m; sourceTree = "<group>"; };
		FFD944BD19162113007A4497 /* PlayingCardDeck.h */ = {isa = PBXFileReference; fileEncoding = 4; lastKnownFileType = sourcecode.c.h; name = PlayingCardDeck.h; path = Model/PlayingCardDeck.h; sourceTree = "<group>"; };
		FFD944BE19162113007A4497 /* PlayingCardDeck.m */ = {isa = PBXFileReference; fileEncoding = 4; lastKnownFileType = sourcecode.c.objc; name = PlayingCardDeck.m; path = Model/PlayingCardDeck.m; sourceTree = "<group>"; };
		FFD944C019162DAD007A4497 /* CardMatchingGame.h */ = {isa = PBXFileReference; fileEncoding = 4; lastKnownFileType = sourcecode.c.h; name = CardMatchingGame.h; path = Model/CardMatchingGame.h; sourceTree = "<group>"; };
		FFD944C119162DAD007A4497 /* CardMatchingGame.m */ = {isa = PBXFileReference; fileEncoding = 4; lastKnownFileType = sourcecode.c.objc; name = CardMatchingGame.m; path = Model/CardMatchingGame.m; sourceTree = "<group>"; };
/* End PBXFileReference section */

/* Begin PBXFrameworksBuildPhase section */
		FFD944781915E156007A4497 /* Frameworks */ = {
			isa = PBXFrameworksBuildPhase;
			buildActionMask = 2147483647;
			files = (
				FFD944811915E156007A4497 /* CoreGraphics.framework in Frameworks */,
				FFD944831915E156007A4497 /* UIKit.framework in Frameworks */,
				FFD9447F1915E156007A4497 /* Foundation.framework in Frameworks */,
			);
			runOnlyForDeploymentPostprocessing = 0;
		};
		FFD944991915E156007A4497 /* Frameworks */ = {
			isa = PBXFrameworksBuildPhase;
			buildActionMask = 2147483647;
			files = (
				FFD9449E1915E156007A4497 /* XCTest.framework in Frameworks */,
				FFD944A01915E156007A4497 /* UIKit.framework in Frameworks */,
				FFD9449F1915E156007A4497 /* Foundation.framework in Frameworks */,
			);
			runOnlyForDeploymentPostprocessing = 0;
		};
/* End PBXFrameworksBuildPhase section */

/* Begin PBXGroup section */
		FFD944721915E156007A4497 = {
			isa = PBXGroup;
			children = (
				FFD944841915E156007A4497 /* Matchismo */,
				FFD944A31915E156007A4497 /* MatchismoTests */,
				FFD9447D1915E156007A4497 /* Frameworks */,
				FFD9447C1915E156007A4497 /* Products */,
			);
			sourceTree = "<group>";
		};
		FFD9447C1915E156007A4497 /* Products */ = {
			isa = PBXGroup;
			children = (
				FFD9447B1915E156007A4497 /* Matchismo.app */,
				FFD9449C1915E156007A4497 /* MatchismoTests.xctest */,
			);
			name = Products;
			sourceTree = "<group>";
		};
		FFD9447D1915E156007A4497 /* Frameworks */ = {
			isa = PBXGroup;
			children = (
				FFD9447E1915E156007A4497 /* Foundation.framework */,
				FFD944801915E156007A4497 /* CoreGraphics.framework */,
				FFD944821915E156007A4497 /* UIKit.framework */,
				FFD9449D1915E156007A4497 /* XCTest.framework */,
			);
			name = Frameworks;
			sourceTree = "<group>";
		};
		FFD944841915E156007A4497 /* Matchismo */ = {
			isa = PBXGroup;
			children = (
				FFD944901915E156007A4497 /* Main.storyboard */,
				FFD944931915E156007A4497 /* CardGameViewController.h */,
				FFD944941915E156007A4497 /* CardGameViewController.m */,
				FFD944B61916168A007A4497 /* Model */,
				FFD944961915E156007A4497 /* Images.xcassets */,
				FFD944851915E156007A4497 /* Supporting Files */,
			);
			path = Matchismo;
			sourceTree = "<group>";
		};
		FFD944851915E156007A4497 /* Supporting Files */ = {
			isa = PBXGroup;
			children = (
				FFD9448D1915E156007A4497 /* CardGameAppDelegate.h */,
				FFD9448E1915E156007A4497 /* CardGameAppDelegate.m */,
				FFD944861915E156007A4497 /* Matchismo-Info.plist */,
				FFD944871915E156007A4497 /* InfoPlist.strings */,
				FFD9448A1915E156007A4497 /* main.m */,
				FFD9448C1915E156007A4497 /* Matchismo-Prefix.pch */,
			);
			name = "Supporting Files";
			sourceTree = "<group>";
		};
		FFD944A31915E156007A4497 /* MatchismoTests */ = {
			isa = PBXGroup;
			children = (
				FFD944A91915E156007A4497 /* MatchismoTests.m */,
				FFD944A41915E156007A4497 /* Supporting Files */,
			);
			path = MatchismoTests;
			sourceTree = "<group>";
		};
		FFD944A41915E156007A4497 /* Supporting Files */ = {
			isa = PBXGroup;
			children = (
				FFD944A51915E156007A4497 /* MatchismoTests-Info.plist */,
				FFD944A61915E156007A4497 /* InfoPlist.strings */,
			);
			name = "Supporting Files";
			sourceTree = "<group>";
		};
		FFD944B61916168A007A4497 /* Model */ = {
			isa = PBXGroup;
			children = (
				FFD944C019162DAD007A4497 /* CardMatchingGame.h */,
				FFD944C119162DAD007A4497 /* CardMatchingGame.m */,
				FFD944B319161642007A4497 /* Card.h */,
				FFD944B419161642007A4497 /* Card.m */,
				FFD944B7191617FB007A4497 /* Deck.h */,
				FFD944BA19161DE6007A4497 /* PlayingCard.h */,
				FFD944BB19161DE6007A4497 /* PlayingCard.m */,
				FFD944B8191617FB007A4497 /* Deck.m */,
				FFD944BD19162113007A4497 /* PlayingCardDeck.h */,
				FFD944BE19162113007A4497 /* PlayingCardDeck.m */,
			);
			name = Model;
			sourceTree = "<group>";
		};
/* End PBXGroup section */

/* Begin PBXNativeTarget section */
		FFD9447A1915E156007A4497 /* Matchismo */ = {
			isa = PBXNativeTarget;
			buildConfigurationList = FFD944AD1915E156007A4497 /* Build configuration list for PBXNativeTarget "Matchismo" */;
			buildPhases = (
				FFD944771915E156007A4497 /* Sources */,
				FFD944781915E156007A4497 /* Frameworks */,
				FFD944791915E156007A4497 /* Resources */,
			);
			buildRules = (
			);
			dependencies = (
			);
			name = Matchismo;
			productName = Matchismo;
			productReference = FFD9447B1915E156007A4497 /* Matchismo.app */;
			productType = "com.apple.product-type.application";
		};
		FFD9449B1915E156007A4497 /* MatchismoTests */ = {
			isa = PBXNativeTarget;
			buildConfigurationList = FFD944B01915E156007A4497 /* Build configuration list for PBXNativeTarget "MatchismoTests" */;
			buildPhases = (
				FFD944981915E156007A4497 /* Sources */,
				FFD944991915E156007A4497 /* Frameworks */,
				FFD9449A1915E156007A4497 /* Resources */,
			);
			buildRules = (
			);
			dependencies = (
				FFD944A21915E156007A4497 /* PBXTargetDependency */,
			);
			name = MatchismoTests;
			productName = MatchismoTests;
			productReference = FFD9449C1915E156007A4497 /* MatchismoTests.xctest */;
			productType = "com.apple.product-type.bundle.unit-test";
		};
/* End PBXNativeTarget section */

/* Begin PBXProject section */
		FFD944731915E156007A4497 /* Project object */ = {
			isa = PBXProject;
			attributes = {
				CLASSPREFIX = CardGame;
				LastUpgradeCheck = 0510;
				ORGANIZATIONNAME = "邹 丽萍";
				TargetAttributes = {
					FFD9449B1915E156007A4497 = {
						TestTargetID = FFD9447A1915E156007A4497;
					};
				};
			};
			buildConfigurationList = FFD944761915E156007A4497 /* Build configuration list for PBXProject "Matchismo" */;
			compatibilityVersion = "Xcode 3.2";
			developmentRegion = English;
			hasScannedForEncodings = 0;
			knownRegions = (
				en,
				Base,
			);
			mainGroup = FFD944721915E156007A4497;
			productRefGroup = FFD9447C1915E156007A4497 /* Products */;
			projectDirPath = "";
			projectRoot = "";
			targets = (
				FFD9447A1915E156007A4497 /* Matchismo */,
				FFD9449B1915E156007A4497 /* MatchismoTests */,
			);
		};
/* End PBXProject section */

/* Begin PBXResourcesBuildPhase section */
		FFD944791915E156007A4497 /* Resources */ = {
			isa = PBXResourcesBuildPhase;
			buildActionMask = 2147483647;
			files = (
				FFD944971915E156007A4497 /* Images.xcassets in Resources */,
				FFD944891915E156007A4497 /* InfoPlist.strings in Resources */,
				FFD944921915E156007A4497 /* Main.storyboard in Resources */,
			);
			runOnlyForDeploymentPostprocessing = 0;
		};
		FFD9449A1915E156007A4497 /* Resources */ = {
			isa = PBXResourcesBuildPhase;
			buildActionMask = 2147483647;
			files = (
				FFD944A81915E156007A4497 /* InfoPlist.strings in Resources */,
			);
			runOnlyForDeploymentPostprocessing = 0;
		};
/* End PBXResourcesBuildPhase section */

/* Begin PBXSourcesBuildPhase section */
		FFD944771915E156007A4497 /* Sources */ = {
			isa = PBXSourcesBuildPhase;
			buildActionMask = 2147483647;
			files = (
				FFD944BC19161DE6007A4497 /* PlayingCard.m in Sources */,
				FFD944B9191617FB007A4497 /* Deck.m in Sources */,
				FFD9448F1915E156007A4497 /* CardGameAppDelegate.m in Sources */,
				FFD944951915E156007A4497 /* CardGameViewController.m in Sources */,
				FFD944C219162DAD007A4497 /* CardMatchingGame.m in Sources */,
				FFD944BF19162113007A4497 /* PlayingCardDeck.m in Sources */,
				FFD9448B1915E156007A4497 /* main.m in Sources */,
				FFD944B519161642007A4497 /* Card.m in Sources */,
			);
			runOnlyForDeploymentPostprocessing = 0;
		};
		FFD944981915E156007A4497 /* Sources */ = {
			isa = PBXSourcesBuildPhase;
			buildActionMask = 2147483647;
			files = (
				FFD944AA1915E156007A4497 /* MatchismoTests.m in Sources */,
			);
			runOnlyForDeploymentPostprocessing = 0;
		};
/* End PBXSourcesBuildPhase section */

/* Begin PBXTargetDependency section */
		FFD944A21915E156007A4497 /* PBXTargetDependency */ = {
			isa = PBXTargetDependency;
			target = FFD9447A1915E156007A4497 /* Matchismo */;
			targetProxy = FFD944A11915E156007A4497 /* PBXContainerItemProxy */;
		};
/* End PBXTargetDependency section */

/* Begin PBXVariantGroup section */
		FFD944871915E156007A4497 /* InfoPlist.strings */ = {
			isa = PBXVariantGroup;
			children = (
				FFD944881915E156007A4497 /* en */,
			);
			name = InfoPlist.strings;
			sourceTree = "<group>";
		};
		FFD944901915E156007A4497 /* Main.storyboard */ = {
			isa = PBXVariantGroup;
			children = (
				FFD944911915E156007A4497 /* Base */,
			);
			name = Main.storyboard;
			sourceTree = "<group>";
		};
		FFD944A61915E156007A4497 /* InfoPlist.strings */ = {
			isa = PBXVariantGroup;
			children = (
				FFD944A71915E156007A4497 /* en */,
			);
			name = InfoPlist.strings;
			sourceTree = "<group>";
		};
/* End PBXVariantGroup section */

/* Begin XCBuildConfiguration section */
		FFD944AB1915E156007A4497 /* Debug */ = {
			isa = XCBuildConfiguration;
			buildSettings = {
				ALWAYS_SEARCH_USER_PATHS = NO;
				CLANG_CXX_LANGUAGE_STANDARD = "gnu++0x";
				CLANG_CXX_LIBRARY = "libc++";
				CLANG_ENABLE_MODULES = YES;
				CLANG_ENABLE_OBJC_ARC = YES;
				CLANG_WARN_BOOL_CONVERSION = YES;
				CLANG_WARN_CONSTANT_CONVERSION = YES;
				CLANG_WARN_DIRECT_OBJC_ISA_USAGE = YES_ERROR;
				CLANG_WARN_EMPTY_BODY = YES;
				CLANG_WARN_ENUM_CONVERSION = YES;
				CLANG_WARN_INT_CONVERSION = YES;
				CLANG_WARN_OBJC_ROOT_CLASS = YES_ERROR;
				CLANG_WARN__DUPLICATE_METHOD_MATCH = YES;
				"CODE_SIGN_IDENTITY[sdk=iphoneos*]" = "iPhone Developer";
				COPY_PHASE_STRIP = NO;
				GCC_C_LANGUAGE_STANDARD = gnu99;
				GCC_DYNAMIC_NO_PIC = NO;
				GCC_OPTIMIZATION_LEVEL = 0;
				GCC_PREPROCESSOR_DEFINITIONS = (
					"DEBUG=1",
					"$(inherited)",
				);
				GCC_SYMBOLS_PRIVATE_EXTERN = NO;
				GCC_WARN_64_TO_32_BIT_CONVERSION = YES;
				GCC_WARN_ABOUT_RETURN_TYPE = YES_ERROR;
				GCC_WARN_UNDECLARED_SELECTOR = YES;
				GCC_WARN_UNINITIALIZED_AUTOS = YES_AGGRESSIVE;
				GCC_WARN_UNUSED_FUNCTION = YES;
				GCC_WARN_UNUSED_VARIABLE = YES;
				IPHONEOS_DEPLOYMENT_TARGET = 7.1;
				ONLY_ACTIVE_ARCH = YES;
				SDKROOT = iphoneos;
			};
			name = Debug;
		};
		FFD944AC1915E156007A4497 /* Release */ = {
			isa = XCBuildConfiguration;
			buildSettings = {
				ALWAYS_SEARCH_USER_PATHS = NO;
				CLANG_CXX_LANGUAGE_STANDARD = "gnu++0x";
				CLANG_CXX_LIBRARY = "libc++";
				CLANG_ENABLE_MODULES = YES;
				CLANG_ENABLE_OBJC_ARC = YES;
				CLANG_WARN_BOOL_CONVERSION = YES;
				CLANG_WARN_CONSTANT_CONVERSION = YES;
				CLANG_WARN_DIRECT_OBJC_ISA_USAGE = YES_ERROR;
				CLANG_WARN_EMPTY_BODY = YES;
				CLANG_WARN_ENUM_CONVERSION = YES;
				CLANG_WARN_INT_CONVERSION = YES;
				CLANG_WARN_OBJC_ROOT_CLASS = YES_ERROR;
				CLANG_WARN__DUPLICATE_METHOD_MATCH = YES;
				"CODE_SIGN_IDENTITY[sdk=iphoneos*]" = "iPhone Developer";
				COPY_PHASE_STRIP = YES;
				ENABLE_NS_ASSERTIONS = NO;
				GCC_C_LANGUAGE_STANDARD = gnu99;
				GCC_WARN_64_TO_32_BIT_CONVERSION = YES;
				GCC_WARN_ABOUT_RETURN_TYPE = YES_ERROR;
				GCC_WARN_UNDECLARED_SELECTOR = YES;
				GCC_WARN_UNINITIALIZED_AUTOS = YES_AGGRESSIVE;
				GCC_WARN_UNUSED_FUNCTION = YES;
				GCC_WARN_UNUSED_VARIABLE = YES;
				IPHONEOS_DEPLOYMENT_TARGET = 7.1;
				SDKROOT = iphoneos;
				VALIDATE_PRODUCT = YES;
			};
			name = Release;
		};
		FFD944AE1915E156007A4497 /* Debug */ = {
			isa = XCBuildConfiguration;
			buildSettings = {
				ASSETCATALOG_COMPILER_APPICON_NAME = AppIcon;
				ASSETCATALOG_COMPILER_LAUNCHIMAGE_NAME = LaunchImage;
				GCC_PRECOMPILE_PREFIX_HEADER = YES;
				GCC_PREFIX_HEADER = "Matchismo/Matchismo-Prefix.pch";
				INFOPLIST_FILE = "Matchismo/Matchismo-Info.plist";
				PRODUCT_NAME = "$(TARGET_NAME)";
				WRAPPER_EXTENSION = app;
			};
			name = Debug;
		};
		FFD944AF1915E156007A4497 /* Release */ = {
			isa = XCBuildConfiguration;
			buildSettings = {
				ASSETCATALOG_COMPILER_APPICON_NAME = AppIcon;
				ASSETCATALOG_COMPILER_LAUNCHIMAGE_NAME = LaunchImage;
				GCC_PRECOMPILE_PREFIX_HEADER = YES;
				GCC_PREFIX_HEADER = "Matchismo/Matchismo-Prefix.pch";
				INFOPLIST_FILE = "Matchismo/Matchismo-Info.plist";
				PRODUCT_NAME = "$(TARGET_NAME)";
				WRAPPER_EXTENSION = app;
			};
			name = Release;
		};
		FFD944B11915E156007A4497 /* Debug */ = {
			isa = XCBuildConfiguration;
			buildSettings = {
				BUNDLE_LOADER = "$(BUILT_PRODUCTS_DIR)/Matchismo.app/Matchismo";
				FRAMEWORK_SEARCH_PATHS = (
					"$(SDKROOT)/Developer/Library/Frameworks",
					"$(inherited)",
					"$(DEVELOPER_FRAMEWORKS_DIR)",
				);
				GCC_PRECOMPILE_PREFIX_HEADER = YES;
				GCC_PREFIX_HEADER = "Matchismo/Matchismo-Prefix.pch";
				GCC_PREPROCESSOR_DEFINITIONS = (
					"DEBUG=1",
					"$(inherited)",
				);
				INFOPLIST_FILE = "MatchismoTests/MatchismoTests-Info.plist";
				PRODUCT_NAME = "$(TARGET_NAME)";
				TEST_HOST = "$(BUNDLE_LOADER)";
				WRAPPER_EXTENSION = xctest;
			};
			name = Debug;
		};
		FFD944B21915E156007A4497 /* Release */ = {
			isa = XCBuildConfiguration;
			buildSettings = {
				BUNDLE_LOADER = "$(BUILT_PRODUCTS_DIR)/Matchismo.app/Matchismo";
				FRAMEWORK_SEARCH_PATHS = (
					"$(SDKROOT)/Developer/Library/Frameworks",
					"$(inherited)",
					"$(DEVELOPER_FRAMEWORKS_DIR)",
				);
				GCC_PRECOMPILE_PREFIX_HEADER = YES;
				GCC_PREFIX_HEADER = "Matchismo/Matchismo-Prefix.pch";
				INFOPLIST_FILE = "MatchismoTests/MatchismoTests-Info.plist";
				PRODUCT_NAME = "$(TARGET_NAME)";
				TEST_HOST = "$(BUNDLE_LOADER)";
				WRAPPER_EXTENSION = xctest;
			};
			name = Release;
		};
/* End XCBuildConfiguration section */

/* Begin XCConfigurationList section */
		FFD944761915E156007A4497 /* Build configuration list for PBXProject "Matchismo" */ = {
			isa = XCConfigurationList;
			buildConfigurations = (
				FFD944AB1915E156007A4497 /* Debug */,
				FFD944AC1915E156007A4497 /* Release */,
			);
			defaultConfigurationIsVisible = 0;
			defaultConfigurationName = Release;
		};
		FFD944AD1915E156007A4497 /* Build configuration list for PBXNativeTarget "Matchismo" */ = {
			isa = XCConfigurationList;
			buildConfigurations = (
				FFD944AE1915E156007A4497 /* Debug */,
				FFD944AF1915E156007A4497 /* Release */,
			);
			defaultConfigurationIsVisible = 0;
			defaultConfigurationName = Release;
		};
		FFD944B01915E156007A4497 /* Build configuration list for PBXNativeTarget "MatchismoTests" */ = {
			isa = XCConfigurationList;
			buildConfigurations = (
				FFD944B11915E156007A4497 /* Debug */,
				FFD944B21915E156007A4497 /* Release */,
			);
			defaultConfigurationIsVisible = 0;
			defaultConfigurationName = Release;
		};
/* End XCConfigurationList section */
	};
	rootObject = FFD944731915E156007A4497 /* Project object */;
}
